
Microsoft Visual Studio Solution File, Format Version 12.00
# Visual Studio Version 16
VisualStudioVersion = 16.0.31025.194
MinimumVisualStudioVersion = 10.0.40219.1
Project("{8BC9CEB8-8B4A-11D0-8D11-00A0C91BC942}") = "MyFirstLab", "MyFirstLab\MyFirstLab.vcxproj", "{CE76D93B-5E75-4EF2-B211-4172EEC2A455}"
EndProject
Project("{8BC9CEB8-8B4A-11D0-8D11-00A0C91BC942}") = "MySecondLab", "MySecondLab\MySecondLab.vcxproj", "{6A300AFB-451B-4D4A-9125-5AC7ECFA59E3}"
EndProject
Project("{8BC9CEB8-8B4A-11D0-8D11-00A0C91BC942}") = "Eg. 2.1", "Eg. 2.1\Eg. 2.1.vcxproj", "{E9C37C70-5B44-4976-BB73-08F17D63A1FD}"
EndProject
Project("{8BC9CEB8-8B4A-11D0-8D11-00A0C91BC942}") = "Eg. 2.2", "Eg. 2.2\Eg. 2.2.vcxproj", "{24DE182D-FA3F-47A0-ACE8-E1D33A7BACE3}"
EndProject
Project("{8BC9CEB8-8B4A-11D0-8D11-00A0C91BC942}") = "Lab. 2.1", "Lab. 2.1\Lab. 2.1.vcxproj", "{5B15644E-B2EE-42DD-8827-65EAE668B0A5}"
EndProject
Project("{8BC9CEB8-8B4A-11D0-8D11-00A0C91BC942}") = "Eg. 2.4", "Eg. 2.4\Eg. 2.4.vcxproj", "{C6B19F0E-1B4F-4DE5-B032-50A8F893B395}"
EndProject
Project("{8BC9CEB8-8B4A-11D0-8D11-00A0C91BC942}") = "Eg. 2.5", "Eg. 2.5\Eg. 2.5.vcxproj", "{94279847-B244-4F14-9964-814E09EB453F}"
EndProject
Project("{8BC9CEB8-8B4A-11D0-8D11-00A0C91BC942}") = "Eg. 2.6", "Eg. 2.6\Eg. 2.6.vcxproj", "{F256D613-8BDA-4D4B-9F9A-CB781F1CDEEA}"
EndProject
Project("{8BC9CEB8-8B4A-11D0-8D11-00A0C91BC942}") = "Eg. 2.7", "Eg. 2.7\Eg. 2.7.vcxproj", "{778587A3-00DE-472B-8DAF-076206EC7B67}"
EndProject
Project("{8BC9CEB8-8B4A-11D0-8D11-00A0C91BC942}") = "Eg. 2.8", "Eg. 2.8\Eg. 2.8.vcxproj", "{C1BA7719-70B5-42D8-B76F-6028AE899DD7}"
EndProject
Project("{8BC9CEB8-8B4A-11D0-8D11-00A0C91BC942}") = "Eg. 2.9", "Eg. 2.9\Eg. 2.9.vcxproj", "{9F517539-D1CD-45E2-A41F-0783F2A052C6}"
EndProject
Project("{8BC9CEB8-8B4A-11D0-8D11-00A0C91BC942}") = "Eg. 3.1", "Eg. 3.1\Eg. 3.1.vcxproj", "{8FA62B27-05ED-4FC7-95DB-D2B4FBE4B78D}"
EndProject
Project("{8BC9CEB8-8B4A-11D0-8D11-00A0C91BC942}") = "Eg. 3.2", "Eg. 3.2\Eg. 3.2.vcxproj", "{999D591E-F92F-4311-8865-4168A768EA66}"
EndProject
Project("{8BC9CEB8-8B4A-11D0-8D11-00A0C91BC942}") = "Lab. 3.1", "Lab. 3.1\Lab. 3.1.vcxproj", "{868C72F6-9922-4366-809B-B5918088F45F}"
EndProject
Project("{8BC9CEB8-8B4A-11D0-8D11-00A0C91BC942}") = "Lab. 3.2", "Lab. 3.2\Lab. 3.2.vcxproj", "{A1C48697-7BB5-4991-BD9E-5CB14E1F3148}"
EndProject
Project("{8BC9CEB8-8B4A-11D0-8D11-00A0C91BC942}") = "Lab. 3.3", "Lab. 3.3\Lab. 3.3.vcxproj", "{68B65762-CD3D-49C1-803D-6A8FDEDB82DC}"
EndProject
Project("{8BC9CEB8-8B4A-11D0-8D11-00A0C91BC942}") = "Lab. 3.4", "Lab. 3.4\Lab. 3.4.vcxproj", "{03F1A016-1C24-48E7-842B-DAE1E1F0A9C7}"
EndProject
Project("{8BC9CEB8-8B4A-11D0-8D11-00A0C91BC942}") = "Lab. 3.5", "Lab. 3.5\Lab. 3.5.vcxproj", "{9DFD2644-75E7-46B2-BA3B-FC2C490207FD}"
EndProject
Project("{8BC9CEB8-8B4A-11D0-8D11-00A0C91BC942}") = "Eg. 3.3", "Eg. 3.3\Eg. 3.3.vcxproj", "{79E7ABAD-2ED2-4884-ABB8-CA7383EB7A07}"
EndProject
Project("{8BC9CEB8-8B4A-11D0-8D11-00A0C91BC942}") = "Eg. 3.4", "Eg. 3.4\Eg. 3.4.vcxproj", "{717A8763-D0AA-48D2-A0FC-F2C5526036BE}"
EndProject
Project("{8BC9CEB8-8B4A-11D0-8D11-00A0C91BC942}") = "Lab. 3.6", "Lab. 3.6\Lab. 3.6.vcxproj", "{B12DF2B7-D6D1-4E60-8940-6BD17C3A040D}"
EndProject
Project("{8BC9CEB8-8B4A-11D0-8D11-00A0C91BC942}") = "Lab. 3.7", "Lab. 3.7\Lab. 3.7.vcxproj", "{F5296B08-6097-487E-BAE2-3F54AAB3CD2C}"
EndProject
Project("{8BC9CEB8-8B4A-11D0-8D11-00A0C91BC942}") = "Eg. 3.5", "Eg. 3.5\Eg. 3.5.vcxproj", "{46FA3D00-7C68-4B54-9E25-B6D9FD8C85BC}"
EndProject
Project("{8BC9CEB8-8B4A-11D0-8D11-00A0C91BC942}") = "Eg. 3.6", "Eg. 3.6\Eg. 3.6.vcxproj", "{EBE14760-9B70-4B18-9F21-87E5A75CC7BC}"
EndProject
Project("{8BC9CEB8-8B4A-11D0-8D11-00A0C91BC942}") = "Eg. 3.7", "Eg. 3.7\Eg. 3.7.vcxproj", "{621B372A-DD2A-4278-957C-E6F48EFE0D6C}"
EndProject
Project("{8BC9CEB8-8B4A-11D0-8D11-00A0C91BC942}") = "Eg. 3.8", "Eg. 3.8\Eg. 3.8.vcxproj", "{B281F526-99E6-49D9-873A-FFD0897DAB15}"
EndProject
Project("{8BC9CEB8-8B4A-11D0-8D11-00A0C91BC942}") = "Lab. 3.8", "Lab. 3.8\Lab. 3.8.vcxproj", "{CEBC8BAD-844C-4086-92D7-2D32A1C65AE5}"
EndProject
Project("{8BC9CEB8-8B4A-11D0-8D11-00A0C91BC942}") = "Eg. 3.9", "Eg. 3.9\Eg. 3.9.vcxproj", "{86DDA8E5-44E0-4FFE-8AF6-3974D0095A96}"
EndProject
Project("{8BC9CEB8-8B4A-11D0-8D11-00A0C91BC942}") = "Eg. 3.10", "Eg. 3.10\Eg. 3.10.vcxproj", "{99B42755-B7BC-47AE-9CCB-D1AD6250E2D8}"
EndProject
Project("{8BC9CEB8-8B4A-11D0-8D11-00A0C91BC942}") = "Eg. 3.11", "Eg. 3.11\Eg. 3.11.vcxproj", "{4A58B27D-A4E6-4E0F-88F6-905ECA5B6C2D}"
EndProject
Project("{8BC9CEB8-8B4A-11D0-8D11-00A0C91BC942}") = "Eg. 4.1", "Eg. 4.1\Eg. 4.1.vcxproj", "{A8B9C5B4-4970-4579-8827-1BFA69AEA613}"
EndProject
Project("{8BC9CEB8-8B4A-11D0-8D11-00A0C91BC942}") = "Eg. 4.2", "Eg. 4.2\Eg. 4.2.vcxproj", "{41CFEA2A-3D59-4B4F-8DB0-FB465D0CB34A}"
EndProject
Project("{8BC9CEB8-8B4A-11D0-8D11-00A0C91BC942}") = "Eg. 4.3", "Eg. 4.3\Eg. 4.3.vcxproj", "{5E42D803-11B8-45C2-9ACB-2CDA4EB9A650}"
EndProject
Project("{8BC9CEB8-8B4A-11D0-8D11-00A0C91BC942}") = "Eg. 4.4", "Eg. 4.4\Eg. 4.4.vcxproj", "{F87A0C58-3E8A-4F1A-8615-844C30B883C4}"
EndProject
Project("{8BC9CEB8-8B4A-11D0-8D11-00A0C91BC942}") = "Lab. 4.2", "Lab 4.2\Lab 4.2.vcxproj", "{C097F243-CC92-45A6-AD88-25A00D975CC9}"
EndProject
Global
	GlobalSection(SolutionConfigurationPlatforms) = preSolution
		Debug|x64 = Debug|x64
		Debug|x86 = Debug|x86
		Release|x64 = Release|x64
		Release|x86 = Release|x86
	EndGlobalSection
	GlobalSection(ProjectConfigurationPlatforms) = postSolution
		{CE76D93B-5E75-4EF2-B211-4172EEC2A455}.Debug|x64.ActiveCfg = Debug|x64
		{CE76D93B-5E75-4EF2-B211-4172EEC2A455}.Debug|x64.Build.0 = Debug|x64
		{CE76D93B-5E75-4EF2-B211-4172EEC2A455}.Debug|x86.ActiveCfg = Debug|Win32
		{CE76D93B-5E75-4EF2-B211-4172EEC2A455}.Debug|x86.Build.0 = Debug|Win32
		{CE76D93B-5E75-4EF2-B211-4172EEC2A455}.Release|x64.ActiveCfg = Release|x64
		{CE76D93B-5E75-4EF2-B211-4172EEC2A455}.Release|x64.Build.0 = Release|x64
		{CE76D93B-5E75-4EF2-B211-4172EEC2A455}.Release|x86.ActiveCfg = Release|Win32
		{CE76D93B-5E75-4EF2-B211-4172EEC2A455}.Release|x86.Build.0 = Release|Win32
		{6A300AFB-451B-4D4A-9125-5AC7ECFA59E3}.Debug|x64.ActiveCfg = Debug|x64
		{6A300AFB-451B-4D4A-9125-5AC7ECFA59E3}.Debug|x64.Build.0 = Debug|x64
		{6A300AFB-451B-4D4A-9125-5AC7ECFA59E3}.Debug|x86.ActiveCfg = Debug|Win32
		{6A300AFB-451B-4D4A-9125-5AC7ECFA59E3}.Debug|x86.Build.0 = Debug|Win32
		{6A300AFB-451B-4D4A-9125-5AC7ECFA59E3}.Release|x64.ActiveCfg = Release|x64
		{6A300AFB-451B-4D4A-9125-5AC7ECFA59E3}.Release|x64.Build.0 = Release|x64
		{6A300AFB-451B-4D4A-9125-5AC7ECFA59E3}.Release|x86.ActiveCfg = Release|Win32
		{6A300AFB-451B-4D4A-9125-5AC7ECFA59E3}.Release|x86.Build.0 = Release|Win32
		{E9C37C70-5B44-4976-BB73-08F17D63A1FD}.Debug|x64.ActiveCfg = Debug|x64
		{E9C37C70-5B44-4976-BB73-08F17D63A1FD}.Debug|x64.Build.0 = Debug|x64
		{E9C37C70-5B44-4976-BB73-08F17D63A1FD}.Debug|x86.ActiveCfg = Debug|Win32
		{E9C37C70-5B44-4976-BB73-08F17D63A1FD}.Debug|x86.Build.0 = Debug|Win32
		{E9C37C70-5B44-4976-BB73-08F17D63A1FD}.Release|x64.ActiveCfg = Release|x64
		{E9C37C70-5B44-4976-BB73-08F17D63A1FD}.Release|x64.Build.0 = Release|x64
		{E9C37C70-5B44-4976-BB73-08F17D63A1FD}.Release|x86.ActiveCfg = Release|Win32
		{E9C37C70-5B44-4976-BB73-08F17D63A1FD}.Release|x86.Build.0 = Release|Win32
		{24DE182D-FA3F-47A0-ACE8-E1D33A7BACE3}.Debug|x64.ActiveCfg = Debug|x64
		{24DE182D-FA3F-47A0-ACE8-E1D33A7BACE3}.Debug|x64.Build.0 = Debug|x64
		{24DE182D-FA3F-47A0-ACE8-E1D33A7BACE3}.Debug|x86.ActiveCfg = Debug|Win32
		{24DE182D-FA3F-47A0-ACE8-E1D33A7BACE3}.Debug|x86.Build.0 = Debug|Win32
		{24DE182D-FA3F-47A0-ACE8-E1D33A7BACE3}.Release|x64.ActiveCfg = Release|x64
		{24DE182D-FA3F-47A0-ACE8-E1D33A7BACE3}.Release|x64.Build.0 = Release|x64
		{24DE182D-FA3F-47A0-ACE8-E1D33A7BACE3}.Release|x86.ActiveCfg = Release|Win32
		{24DE182D-FA3F-47A0-ACE8-E1D33A7BACE3}.Release|x86.Build.0 = Release|Win32
		{5B15644E-B2EE-42DD-8827-65EAE668B0A5}.Debug|x64.ActiveCfg = Debug|x64
		{5B15644E-B2EE-42DD-8827-65EAE668B0A5}.Debug|x64.Build.0 = Debug|x64
		{5B15644E-B2EE-42DD-8827-65EAE668B0A5}.Debug|x86.ActiveCfg = Debug|Win32
		{5B15644E-B2EE-42DD-8827-65EAE668B0A5}.Debug|x86.Build.0 = Debug|Win32
		{5B15644E-B2EE-42DD-8827-65EAE668B0A5}.Release|x64.ActiveCfg = Release|x64
		{5B15644E-B2EE-42DD-8827-65EAE668B0A5}.Release|x64.Build.0 = Release|x64
		{5B15644E-B2EE-42DD-8827-65EAE668B0A5}.Release|x86.ActiveCfg = Release|Win32
		{5B15644E-B2EE-42DD-8827-65EAE668B0A5}.Release|x86.Build.0 = Release|Win32
		{C6B19F0E-1B4F-4DE5-B032-50A8F893B395}.Debug|x64.ActiveCfg = Debug|x64
		{C6B19F0E-1B4F-4DE5-B032-50A8F893B395}.Debug|x64.Build.0 = Debug|x64
		{C6B19F0E-1B4F-4DE5-B032-50A8F893B395}.Debug|x86.ActiveCfg = Debug|Win32
		{C6B19F0E-1B4F-4DE5-B032-50A8F893B395}.Debug|x86.Build.0 = Debug|Win32
		{C6B19F0E-1B4F-4DE5-B032-50A8F893B395}.Release|x64.ActiveCfg = Release|x64
		{C6B19F0E-1B4F-4DE5-B032-50A8F893B395}.Release|x64.Build.0 = Release|x64
		{C6B19F0E-1B4F-4DE5-B032-50A8F893B395}.Release|x86.ActiveCfg = Release|Win32
		{C6B19F0E-1B4F-4DE5-B032-50A8F893B395}.Release|x86.Build.0 = Release|Win32
		{94279847-B244-4F14-9964-814E09EB453F}.Debug|x64.ActiveCfg = Debug|x64
		{94279847-B244-4F14-9964-814E09EB453F}.Debug|x64.Build.0 = Debug|x64
		{94279847-B244-4F14-9964-814E09EB453F}.Debug|x86.ActiveCfg = Debug|Win32
		{94279847-B244-4F14-9964-814E09EB453F}.Debug|x86.Build.0 = Debug|Win32
		{94279847-B244-4F14-9964-814E09EB453F}.Release|x64.ActiveCfg = Release|x64
		{94279847-B244-4F14-9964-814E09EB453F}.Release|x64.Build.0 = Release|x64
		{94279847-B244-4F14-9964-814E09EB453F}.Release|x86.ActiveCfg = Release|Win32
		{94279847-B244-4F14-9964-814E09EB453F}.Release|x86.Build.0 = Release|Win32
		{F256D613-8BDA-4D4B-9F9A-CB781F1CDEEA}.Debug|x64.ActiveCfg = Debug|x64
		{F256D613-8BDA-4D4B-9F9A-CB781F1CDEEA}.Debug|x64.Build.0 = Debug|x64
		{F256D613-8BDA-4D4B-9F9A-CB781F1CDEEA}.Debug|x86.ActiveCfg = Debug|Win32
		{F256D613-8BDA-4D4B-9F9A-CB781F1CDEEA}.Debug|x86.Build.0 = Debug|Win32
		{F256D613-8BDA-4D4B-9F9A-CB781F1CDEEA}.Release|x64.ActiveCfg = Release|x64
		{F256D613-8BDA-4D4B-9F9A-CB781F1CDEEA}.Release|x64.Build.0 = Release|x64
		{F256D613-8BDA-4D4B-9F9A-CB781F1CDEEA}.Release|x86.ActiveCfg = Release|Win32
		{F256D613-8BDA-4D4B-9F9A-CB781F1CDEEA}.Release|x86.Build.0 = Release|Win32
		{778587A3-00DE-472B-8DAF-076206EC7B67}.Debug|x64.ActiveCfg = Debug|x64
		{778587A3-00DE-472B-8DAF-076206EC7B67}.Debug|x64.Build.0 = Debug|x64
		{778587A3-00DE-472B-8DAF-076206EC7B67}.Debug|x86.ActiveCfg = Debug|Win32
		{778587A3-00DE-472B-8DAF-076206EC7B67}.Debug|x86.Build.0 = Debug|Win32
		{778587A3-00DE-472B-8DAF-076206EC7B67}.Release|x64.ActiveCfg = Release|x64
		{778587A3-00DE-472B-8DAF-076206EC7B67}.Release|x64.Build.0 = Release|x64
		{778587A3-00DE-472B-8DAF-076206EC7B67}.Release|x86.ActiveCfg = Release|Win32
		{778587A3-00DE-472B-8DAF-076206EC7B67}.Release|x86.Build.0 = Release|Win32
		{C1BA7719-70B5-42D8-B76F-6028AE899DD7}.Debug|x64.ActiveCfg = Debug|x64
		{C1BA7719-70B5-42D8-B76F-6028AE899DD7}.Debug|x64.Build.0 = Debug|x64
		{C1BA7719-70B5-42D8-B76F-6028AE899DD7}.Debug|x86.ActiveCfg = Debug|Win32
		{C1BA7719-70B5-42D8-B76F-6028AE899DD7}.Debug|x86.Build.0 = Debug|Win32
		{C1BA7719-70B5-42D8-B76F-6028AE899DD7}.Release|x64.ActiveCfg = Release|x64
		{C1BA7719-70B5-42D8-B76F-6028AE899DD7}.Release|x64.Build.0 = Release|x64
		{C1BA7719-70B5-42D8-B76F-6028AE899DD7}.Release|x86.ActiveCfg = Release|Win32
		{C1BA7719-70B5-42D8-B76F-6028AE899DD7}.Release|x86.Build.0 = Release|Win32
		{9F517539-D1CD-45E2-A41F-0783F2A052C6}.Debug|x64.ActiveCfg = Debug|x64
		{9F517539-D1CD-45E2-A41F-0783F2A052C6}.Debug|x64.Build.0 = Debug|x64
		{9F517539-D1CD-45E2-A41F-0783F2A052C6}.Debug|x86.ActiveCfg = Debug|Win32
		{9F517539-D1CD-45E2-A41F-0783F2A052C6}.Debug|x86.Build.0 = Debug|Win32
		{9F517539-D1CD-45E2-A41F-0783F2A052C6}.Release|x64.ActiveCfg = Release|x64
		{9F517539-D1CD-45E2-A41F-0783F2A052C6}.Release|x64.Build.0 = Release|x64
		{9F517539-D1CD-45E2-A41F-0783F2A052C6}.Release|x86.ActiveCfg = Release|Win32
		{9F517539-D1CD-45E2-A41F-0783F2A052C6}.Release|x86.Build.0 = Release|Win32
		{8FA62B27-05ED-4FC7-95DB-D2B4FBE4B78D}.Debug|x64.ActiveCfg = Debug|x64
		{8FA62B27-05ED-4FC7-95DB-D2B4FBE4B78D}.Debug|x64.Build.0 = Debug|x64
		{8FA62B27-05ED-4FC7-95DB-D2B4FBE4B78D}.Debug|x86.ActiveCfg = Debug|Win32
		{8FA62B27-05ED-4FC7-95DB-D2B4FBE4B78D}.Debug|x86.Build.0 = Debug|Win32
		{8FA62B27-05ED-4FC7-95DB-D2B4FBE4B78D}.Release|x64.ActiveCfg = Release|x64
		{8FA62B27-05ED-4FC7-95DB-D2B4FBE4B78D}.Release|x64.Build.0 = Release|x64
		{8FA62B27-05ED-4FC7-95DB-D2B4FBE4B78D}.Release|x86.ActiveCfg = Release|Win32
		{8FA62B27-05ED-4FC7-95DB-D2B4FBE4B78D}.Release|x86.Build.0 = Release|Win32
		{999D591E-F92F-4311-8865-4168A768EA66}.Debug|x64.ActiveCfg = Debug|x64
		{999D591E-F92F-4311-8865-4168A768EA66}.Debug|x64.Build.0 = Debug|x64
		{999D591E-F92F-4311-8865-4168A768EA66}.Debug|x86.ActiveCfg = Debug|Win32
		{999D591E-F92F-4311-8865-4168A768EA66}.Debug|x86.Build.0 = Debug|Win32
		{999D591E-F92F-4311-8865-4168A768EA66}.Release|x64.ActiveCfg = Release|x64
		{999D591E-F92F-4311-8865-4168A768EA66}.Release|x64.Build.0 = Release|x64
		{999D591E-F92F-4311-8865-4168A768EA66}.Release|x86.ActiveCfg = Release|Win32
		{999D591E-F92F-4311-8865-4168A768EA66}.Release|x86.Build.0 = Release|Win32
		{868C72F6-9922-4366-809B-B5918088F45F}.Debug|x64.ActiveCfg = Debug|x64
		{868C72F6-9922-4366-809B-B5918088F45F}.Debug|x64.Build.0 = Debug|x64
		{868C72F6-9922-4366-809B-B5918088F45F}.Debug|x86.ActiveCfg = Debug|Win32
		{868C72F6-9922-4366-809B-B5918088F45F}.Debug|x86.Build.0 = Debug|Win32
		{868C72F6-9922-4366-809B-B5918088F45F}.Release|x64.ActiveCfg = Release|x64
		{868C72F6-9922-4366-809B-B5918088F45F}.Release|x64.Build.0 = Release|x64
		{868C72F6-9922-4366-809B-B5918088F45F}.Release|x86.ActiveCfg = Release|Win32
		{868C72F6-9922-4366-809B-B5918088F45F}.Release|x86.Build.0 = Release|Win32
		{A1C48697-7BB5-4991-BD9E-5CB14E1F3148}.Debug|x64.ActiveCfg = Debug|x64
		{A1C48697-7BB5-4991-BD9E-5CB14E1F3148}.Debug|x64.Build.0 = Debug|x64
		{A1C48697-7BB5-4991-BD9E-5CB14E1F3148}.Debug|x86.ActiveCfg = Debug|Win32
		{A1C48697-7BB5-4991-BD9E-5CB14E1F3148}.Debug|x86.Build.0 = Debug|Win32
		{A1C48697-7BB5-4991-BD9E-5CB14E1F3148}.Release|x64.ActiveCfg = Release|x64
		{A1C48697-7BB5-4991-BD9E-5CB14E1F3148}.Release|x64.Build.0 = Release|x64
		{A1C48697-7BB5-4991-BD9E-5CB14E1F3148}.Release|x86.ActiveCfg = Release|Win32
		{A1C48697-7BB5-4991-BD9E-5CB14E1F3148}.Release|x86.Build.0 = Release|Win32
		{68B65762-CD3D-49C1-803D-6A8FDEDB82DC}.Debug|x64.ActiveCfg = Debug|x64
		{68B65762-CD3D-49C1-803D-6A8FDEDB82DC}.Debug|x64.Build.0 = Debug|x64
		{68B65762-CD3D-49C1-803D-6A8FDEDB82DC}.Debug|x86.ActiveCfg = Debug|Win32
		{68B65762-CD3D-49C1-803D-6A8FDEDB82DC}.Debug|x86.Build.0 = Debug|Win32
		{68B65762-CD3D-49C1-803D-6A8FDEDB82DC}.Release|x64.ActiveCfg = Release|x64
		{68B65762-CD3D-49C1-803D-6A8FDEDB82DC}.Release|x64.Build.0 = Release|x64
		{68B65762-CD3D-49C1-803D-6A8FDEDB82DC}.Release|x86.ActiveCfg = Release|Win32
		{68B65762-CD3D-49C1-803D-6A8FDEDB82DC}.Release|x86.Build.0 = Release|Win32
		{03F1A016-1C24-48E7-842B-DAE1E1F0A9C7}.Debug|x64.ActiveCfg = Debug|x64
		{03F1A016-1C24-48E7-842B-DAE1E1F0A9C7}.Debug|x64.Build.0 = Debug|x64
		{03F1A016-1C24-48E7-842B-DAE1E1F0A9C7}.Debug|x86.ActiveCfg = Debug|Win32
		{03F1A016-1C24-48E7-842B-DAE1E1F0A9C7}.Debug|x86.Build.0 = Debug|Win32
		{03F1A016-1C24-48E7-842B-DAE1E1F0A9C7}.Release|x64.ActiveCfg = Release|x64
		{03F1A016-1C24-48E7-842B-DAE1E1F0A9C7}.Release|x64.Build.0 = Release|x64
		{03F1A016-1C24-48E7-842B-DAE1E1F0A9C7}.Release|x86.ActiveCfg = Release|Win32
		{03F1A016-1C24-48E7-842B-DAE1E1F0A9C7}.Release|x86.Build.0 = Release|Win32
		{9DFD2644-75E7-46B2-BA3B-FC2C490207FD}.Debug|x64.ActiveCfg = Debug|x64
		{9DFD2644-75E7-46B2-BA3B-FC2C490207FD}.Debug|x64.Build.0 = Debug|x64
		{9DFD2644-75E7-46B2-BA3B-FC2C490207FD}.Debug|x86.ActiveCfg = Debug|Win32
		{9DFD2644-75E7-46B2-BA3B-FC2C490207FD}.Debug|x86.Build.0 = Debug|Win32
		{9DFD2644-75E7-46B2-BA3B-FC2C490207FD}.Release|x64.ActiveCfg = Release|x64
		{9DFD2644-75E7-46B2-BA3B-FC2C490207FD}.Release|x64.Build.0 = Release|x64
		{9DFD2644-75E7-46B2-BA3B-FC2C490207FD}.Release|x86.ActiveCfg = Release|Win32
		{9DFD2644-75E7-46B2-BA3B-FC2C490207FD}.Release|x86.Build.0 = Release|Win32
		{79E7ABAD-2ED2-4884-ABB8-CA7383EB7A07}.Debug|x64.ActiveCfg = Debug|x64
		{79E7ABAD-2ED2-4884-ABB8-CA7383EB7A07}.Debug|x64.Build.0 = Debug|x64
		{79E7ABAD-2ED2-4884-ABB8-CA7383EB7A07}.Debug|x86.ActiveCfg = Debug|Win32
		{79E7ABAD-2ED2-4884-ABB8-CA7383EB7A07}.Debug|x86.Build.0 = Debug|Win32
		{79E7ABAD-2ED2-4884-ABB8-CA7383EB7A07}.Release|x64.ActiveCfg = Release|x64
		{79E7ABAD-2ED2-4884-ABB8-CA7383EB7A07}.Release|x64.Build.0 = Release|x64
		{79E7ABAD-2ED2-4884-ABB8-CA7383EB7A07}.Release|x86.ActiveCfg = Release|Win32
		{79E7ABAD-2ED2-4884-ABB8-CA7383EB7A07}.Release|x86.Build.0 = Release|Win32
		{717A8763-D0AA-48D2-A0FC-F2C5526036BE}.Debug|x64.ActiveCfg = Debug|x64
		{717A8763-D0AA-48D2-A0FC-F2C5526036BE}.Debug|x64.Build.0 = Debug|x64
		{717A8763-D0AA-48D2-A0FC-F2C5526036BE}.Debug|x86.ActiveCfg = Debug|Win32
		{717A8763-D0AA-48D2-A0FC-F2C5526036BE}.Debug|x86.Build.0 = Debug|Win32
		{717A8763-D0AA-48D2-A0FC-F2C5526036BE}.Release|x64.ActiveCfg = Release|x64
		{717A8763-D0AA-48D2-A0FC-F2C5526036BE}.Release|x64.Build.0 = Release|x64
		{717A8763-D0AA-48D2-A0FC-F2C5526036BE}.Release|x86.ActiveCfg = Release|Win32
		{717A8763-D0AA-48D2-A0FC-F2C5526036BE}.Release|x86.Build.0 = Release|Win32
		{B12DF2B7-D6D1-4E60-8940-6BD17C3A040D}.Debug|x64.ActiveCfg = Debug|x64
		{B12DF2B7-D6D1-4E60-8940-6BD17C3A040D}.Debug|x64.Build.0 = Debug|x64
		{B12DF2B7-D6D1-4E60-8940-6BD17C3A040D}.Debug|x86.ActiveCfg = Debug|Win32
		{B12DF2B7-D6D1-4E60-8940-6BD17C3A040D}.Debug|x86.Build.0 = Debug|Win32
		{B12DF2B7-D6D1-4E60-8940-6BD17C3A040D}.Release|x64.ActiveCfg = Release|x64
		{B12DF2B7-D6D1-4E60-8940-6BD17C3A040D}.Release|x64.Build.0 = Release|x64
		{B12DF2B7-D6D1-4E60-8940-6BD17C3A040D}.Release|x86.ActiveCfg = Release|Win32
		{B12DF2B7-D6D1-4E60-8940-6BD17C3A040D}.Release|x86.Build.0 = Release|Win32
		{F5296B08-6097-487E-BAE2-3F54AAB3CD2C}.Debug|x64.ActiveCfg = Debug|x64
		{F5296B08-6097-487E-BAE2-3F54AAB3CD2C}.Debug|x64.Build.0 = Debug|x64
		{F5296B08-6097-487E-BAE2-3F54AAB3CD2C}.Debug|x86.ActiveCfg = Debug|Win32
		{F5296B08-6097-487E-BAE2-3F54AAB3CD2C}.Debug|x86.Build.0 = Debug|Win32
		{F5296B08-6097-487E-BAE2-3F54AAB3CD2C}.Release|x64.ActiveCfg = Release|x64
		{F5296B08-6097-487E-BAE2-3F54AAB3CD2C}.Release|x64.Build.0 = Release|x64
		{F5296B08-6097-487E-BAE2-3F54AAB3CD2C}.Release|x86.ActiveCfg = Release|Win32
		{F5296B08-6097-487E-BAE2-3F54AAB3CD2C}.Release|x86.Build.0 = Release|Win32
		{46FA3D00-7C68-4B54-9E25-B6D9FD8C85BC}.Debug|x64.ActiveCfg = Debug|x64
		{46FA3D00-7C68-4B54-9E25-B6D9FD8C85BC}.Debug|x64.Build.0 = Debug|x64
		{46FA3D00-7C68-4B54-9E25-B6D9FD8C85BC}.Debug|x86.ActiveCfg = Debug|Win32
		{46FA3D00-7C68-4B54-9E25-B6D9FD8C85BC}.Debug|x86.Build.0 = Debug|Win32
		{46FA3D00-7C68-4B54-9E25-B6D9FD8C85BC}.Release|x64.ActiveCfg = Release|x64
		{46FA3D00-7C68-4B54-9E25-B6D9FD8C85BC}.Release|x64.Build.0 = Release|x64
		{46FA3D00-7C68-4B54-9E25-B6D9FD8C85BC}.Release|x86.ActiveCfg = Release|Win32
		{46FA3D00-7C68-4B54-9E25-B6D9FD8C85BC}.Release|x86.Build.0 = Release|Win32
		{EBE14760-9B70-4B18-9F21-87E5A75CC7BC}.Debug|x64.ActiveCfg = Debug|x64
		{EBE14760-9B70-4B18-9F21-87E5A75CC7BC}.Debug|x64.Build.0 = Debug|x64
		{EBE14760-9B70-4B18-9F21-87E5A75CC7BC}.Debug|x86.ActiveCfg = Debug|Win32
		{EBE14760-9B70-4B18-9F21-87E5A75CC7BC}.Debug|x86.Build.0 = Debug|Win32
		{EBE14760-9B70-4B18-9F21-87E5A75CC7BC}.Release|x64.ActiveCfg = Release|x64
		{EBE14760-9B70-4B18-9F21-87E5A75CC7BC}.Release|x64.Build.0 = Release|x64
		{EBE14760-9B70-4B18-9F21-87E5A75CC7BC}.Release|x86.ActiveCfg = Release|Win32
		{EBE14760-9B70-4B18-9F21-87E5A75CC7BC}.Release|x86.Build.0 = Release|Win32
		{621B372A-DD2A-4278-957C-E6F48EFE0D6C}.Debug|x64.ActiveCfg = Debug|x64
		{621B372A-DD2A-4278-957C-E6F48EFE0D6C}.Debug|x64.Build.0 = Debug|x64
		{621B372A-DD2A-4278-957C-E6F48EFE0D6C}.Debug|x86.ActiveCfg = Debug|Win32
		{621B372A-DD2A-4278-957C-E6F48EFE0D6C}.Debug|x86.Build.0 = Debug|Win32
		{621B372A-DD2A-4278-957C-E6F48EFE0D6C}.Release|x64.ActiveCfg = Release|x64
		{621B372A-DD2A-4278-957C-E6F48EFE0D6C}.Release|x64.Build.0 = Release|x64
		{621B372A-DD2A-4278-957C-E6F48EFE0D6C}.Release|x86.ActiveCfg = Release|Win32
		{621B372A-DD2A-4278-957C-E6F48EFE0D6C}.Release|x86.Build.0 = Release|Win32
		{B281F526-99E6-49D9-873A-FFD0897DAB15}.Debug|x64.ActiveCfg = Debug|x64
		{B281F526-99E6-49D9-873A-FFD0897DAB15}.Debug|x64.Build.0 = Debug|x64
		{B281F526-99E6-49D9-873A-FFD0897DAB15}.Debug|x86.ActiveCfg = Debug|Win32
		{B281F526-99E6-49D9-873A-FFD0897DAB15}.Debug|x86.Build.0 = Debug|Win32
		{B281F526-99E6-49D9-873A-FFD0897DAB15}.Release|x64.ActiveCfg = Release|x64
		{B281F526-99E6-49D9-873A-FFD0897DAB15}.Release|x64.Build.0 = Release|x64
		{B281F526-99E6-49D9-873A-FFD0897DAB15}.Release|x86.ActiveCfg = Release|Win32
		{B281F526-99E6-49D9-873A-FFD0897DAB15}.Release|x86.Build.0 = Release|Win32
		{CEBC8BAD-844C-4086-92D7-2D32A1C65AE5}.Debug|x64.ActiveCfg = Debug|x64
		{CEBC8BAD-844C-4086-92D7-2D32A1C65AE5}.Debug|x64.Build.0 = Debug|x64
		{CEBC8BAD-844C-4086-92D7-2D32A1C65AE5}.Debug|x86.ActiveCfg = Debug|Win32
		{CEBC8BAD-844C-4086-92D7-2D32A1C65AE5}.Debug|x86.Build.0 = Debug|Win32
		{CEBC8BAD-844C-4086-92D7-2D32A1C65AE5}.Release|x64.ActiveCfg = Release|x64
		{CEBC8BAD-844C-4086-92D7-2D32A1C65AE5}.Release|x64.Build.0 = Release|x64
		{CEBC8BAD-844C-4086-92D7-2D32A1C65AE5}.Release|x86.ActiveCfg = Release|Win32
		{CEBC8BAD-844C-4086-92D7-2D32A1C65AE5}.Release|x86.Build.0 = Release|Win32
		{86DDA8E5-44E0-4FFE-8AF6-3974D0095A96}.Debug|x64.ActiveCfg = Debug|x64
		{86DDA8E5-44E0-4FFE-8AF6-3974D0095A96}.Debug|x64.Build.0 = Debug|x64
		{86DDA8E5-44E0-4FFE-8AF6-3974D0095A96}.Debug|x86.ActiveCfg = Debug|Win32
		{86DDA8E5-44E0-4FFE-8AF6-3974D0095A96}.Debug|x86.Build.0 = Debug|Win32
		{86DDA8E5-44E0-4FFE-8AF6-3974D0095A96}.Release|x64.ActiveCfg = Release|x64
		{86DDA8E5-44E0-4FFE-8AF6-3974D0095A96}.Release|x64.Build.0 = Release|x64
		{86DDA8E5-44E0-4FFE-8AF6-3974D0095A96}.Release|x86.ActiveCfg = Release|Win32
		{86DDA8E5-44E0-4FFE-8AF6-3974D0095A96}.Release|x86.Build.0 = Release|Win32
		{99B42755-B7BC-47AE-9CCB-D1AD6250E2D8}.Debug|x64.ActiveCfg = Debug|x64
		{99B42755-B7BC-47AE-9CCB-D1AD6250E2D8}.Debug|x64.Build.0 = Debug|x64
		{99B42755-B7BC-47AE-9CCB-D1AD6250E2D8}.Debug|x86.ActiveCfg = Debug|Win32
		{99B42755-B7BC-47AE-9CCB-D1AD6250E2D8}.Debug|x86.Build.0 = Debug|Win32
		{99B42755-B7BC-47AE-9CCB-D1AD6250E2D8}.Release|x64.ActiveCfg = Release|x64
		{99B42755-B7BC-47AE-9CCB-D1AD6250E2D8}.Release|x64.Build.0 = Release|x64
		{99B42755-B7BC-47AE-9CCB-D1AD6250E2D8}.Release|x86.ActiveCfg = Release|Win32
		{99B42755-B7BC-47AE-9CCB-D1AD6250E2D8}.Release|x86.Build.0 = Release|Win32
		{4A58B27D-A4E6-4E0F-88F6-905ECA5B6C2D}.Debug|x64.ActiveCfg = Debug|x64
		{4A58B27D-A4E6-4E0F-88F6-905ECA5B6C2D}.Debug|x64.Build.0 = Debug|x64
		{4A58B27D-A4E6-4E0F-88F6-905ECA5B6C2D}.Debug|x86.ActiveCfg = Debug|Win32
		{4A58B27D-A4E6-4E0F-88F6-905ECA5B6C2D}.Debug|x86.Build.0 = Debug|Win32
		{4A58B27D-A4E6-4E0F-88F6-905ECA5B6C2D}.Release|x64.ActiveCfg = Release|x64
		{4A58B27D-A4E6-4E0F-88F6-905ECA5B6C2D}.Release|x64.Build.0 = Release|x64
		{4A58B27D-A4E6-4E0F-88F6-905ECA5B6C2D}.Release|x86.ActiveCfg = Release|Win32
		{4A58B27D-A4E6-4E0F-88F6-905ECA5B6C2D}.Release|x86.Build.0 = Release|Win32
		{A8B9C5B4-4970-4579-8827-1BFA69AEA613}.Debug|x64.ActiveCfg = Debug|x64
		{A8B9C5B4-4970-4579-8827-1BFA69AEA613}.Debug|x64.Build.0 = Debug|x64
		{A8B9C5B4-4970-4579-8827-1BFA69AEA613}.Debug|x86.ActiveCfg = Debug|Win32
		{A8B9C5B4-4970-4579-8827-1BFA69AEA613}.Debug|x86.Build.0 = Debug|Win32
		{A8B9C5B4-4970-4579-8827-1BFA69AEA613}.Release|x64.ActiveCfg = Release|x64
		{A8B9C5B4-4970-4579-8827-1BFA69AEA613}.Release|x64.Build.0 = Release|x64
		{A8B9C5B4-4970-4579-8827-1BFA69AEA613}.Release|x86.ActiveCfg = Release|Win32
		{A8B9C5B4-4970-4579-8827-1BFA69AEA613}.Release|x86.Build.0 = Release|Win32
		{41CFEA2A-3D59-4B4F-8DB0-FB465D0CB34A}.Debug|x64.ActiveCfg = Debug|x64
		{41CFEA2A-3D59-4B4F-8DB0-FB465D0CB34A}.Debug|x64.Build.0 = Debug|x64
		{41CFEA2A-3D59-4B4F-8DB0-FB465D0CB34A}.Debug|x86.ActiveCfg = Debug|Win32
		{41CFEA2A-3D59-4B4F-8DB0-FB465D0CB34A}.Debug|x86.Build.0 = Debug|Win32
		{41CFEA2A-3D59-4B4F-8DB0-FB465D0CB34A}.Release|x64.ActiveCfg = Release|x64
		{41CFEA2A-3D59-4B4F-8DB0-FB465D0CB34A}.Release|x64.Build.0 = Release|x64
		{41CFEA2A-3D59-4B4F-8DB0-FB465D0CB34A}.Release|x86.ActiveCfg = Release|Win32
		{41CFEA2A-3D59-4B4F-8DB0-FB465D0CB34A}.Release|x86.Build.0 = Release|Win32
		{5E42D803-11B8-45C2-9ACB-2CDA4EB9A650}.Debug|x64.ActiveCfg = Debug|x64
		{5E42D803-11B8-45C2-9ACB-2CDA4EB9A650}.Debug|x64.Build.0 = Debug|x64
		{5E42D803-11B8-45C2-9ACB-2CDA4EB9A650}.Debug|x86.ActiveCfg = Debug|Win32
		{5E42D803-11B8-45C2-9ACB-2CDA4EB9A650}.Debug|x86.Build.0 = Debug|Win32
		{5E42D803-11B8-45C2-9ACB-2CDA4EB9A650}.Release|x64.ActiveCfg = Release|x64
		{5E42D803-11B8-45C2-9ACB-2CDA4EB9A650}.Release|x64.Build.0 = Release|x64
		{5E42D803-11B8-45C2-9ACB-2CDA4EB9A650}.Release|x86.ActiveCfg = Release|Win32
		{5E42D803-11B8-45C2-9ACB-2CDA4EB9A650}.Release|x86.Build.0 = Release|Win32
		{F87A0C58-3E8A-4F1A-8615-844C30B883C4}.Debug|x64.ActiveCfg = Debug|x64
		{F87A0C58-3E8A-4F1A-8615-844C30B883C4}.Debug|x64.Build.0 = Debug|x64
		{F87A0C58-3E8A-4F1A-8615-844C30B883C4}.Debug|x86.ActiveCfg = Debug|Win32
		{F87A0C58-3E8A-4F1A-8615-844C30B883C4}.Debug|x86.Build.0 = Debug|Win32
		{F87A0C58-3E8A-4F1A-8615-844C30B883C4}.Release|x64.ActiveCfg = Release|x64
		{F87A0C58-3E8A-4F1A-8615-844C30B883C4}.Release|x64.Build.0 = Release|x64
		{F87A0C58-3E8A-4F1A-8615-844C30B883C4}.Release|x86.ActiveCfg = Release|Win32
		{F87A0C58-3E8A-4F1A-8615-844C30B883C4}.Release|x86.Build.0 = Release|Win32
		{C097F243-CC92-45A6-AD88-25A00D975CC9}.Debug|x64.ActiveCfg = Debug|x64
		{C097F243-CC92-45A6-AD88-25A00D975CC9}.Debug|x64.Build.0 = Debug|x64
		{C097F243-CC92-45A6-AD88-25A00D975CC9}.Debug|x86.ActiveCfg = Debug|Win32
		{C097F243-CC92-45A6-AD88-25A00D975CC9}.Debug|x86.Build.0 = Debug|Win32
		{C097F243-CC92-45A6-AD88-25A00D975CC9}.Release|x64.ActiveCfg = Release|x64
		{C097F243-CC92-45A6-AD88-25A00D975CC9}.Release|x64.Build.0 = Release|x64
		{C097F243-CC92-45A6-AD88-25A00D975CC9}.Release|x86.ActiveCfg = Release|Win32
		{C097F243-CC92-45A6-AD88-25A00D975CC9}.Release|x86.Build.0 = Release|Win32
	EndGlobalSection
	GlobalSection(SolutionProperties) = preSolution
		HideSolutionNode = FALSE
	EndGlobalSection
	GlobalSection(ExtensibilityGlobals) = postSolution
		SolutionGuid = {3F5C1472-0192-47E5-9736-DD130B9117F3}
	EndGlobalSection
EndGlobal
